PODS:
  - KUIPopOver (1.0.2)
  - Reusable (4.0.0):
    - Reusable/Storyboard (= 4.0.0)
    - Reusable/View (= 4.0.0)
  - Reusable/Storyboard (4.0.0)
  - Reusable/View (4.0.0)
  - RxCocoa (4.0.0):
    - RxSwift (~> 4.0)
  - RxSwift (4.0.0)
  - SwiftLint (0.24.0)
  - TGPControls (4.0.0)

DEPENDENCIES:
  - KUIPopOver
  - Reusable
  - RxCocoa
  - RxSwift
  - SwiftLint
  - TGPControls

SPEC CHECKSUMS:
  KUIPopOver: 10d512237d0758273e8b49dc23a263974f380f6e
  Reusable: 98e5fff1e0e2e00872199699b276dde08ee56c07
  RxCocoa: d62846ca96495d862fa4c59ea7d87e5031d7340e
  RxSwift: fd680d75283beb5e2559486f3c0ff852f0d35334
  SwiftLint: a014c92b4664e8b13f380f8640a51bb1733778ba
  TGPControls: d7ab5a338746c100b2ae57f6b6cedee7151f116a

PODFILE CHECKSUM: a1f9fde1a657489d2f49bc2928b5782c53e22c99

COCOAPODS: 1.3.1
